{
  "name": "ajs_2",
  "version": "1.0.0",
  "lockfileVersion": 1,
  "requires": true,
  "dependencies": {
    "@yanach25/ajs": {
      "version": "1.0.0",
      "resolved": "https://npm.pkg.github.com/download/@yanach25/ajs/1.0.0/86030ed994deed4f0a8bf5e3d31118e1651edbf328778d73b085532ae9ec243c",
      "integrity": "sha512-QOKIAqv1h1G9OKw3l5X/WQBXxf/dkWHOPUINsnMUBacfyblgd2qjIcyLSYThBMiEUPHi3BkQxnkY1F60p23zmg=="
    }
  }
}
